// !$*UTF8*$!
{
	archiveVersion = 1;
	classes = {
	};
	objectVersion = 50;
	objects = {

/* Begin PBXBuildFile section */
		4B7956437A65BEE2CBA46F43 /* Pods_RickandMorty.framework in Frameworks */ = {isa = PBXBuildFile; fileRef = 7C9C5A74A8609D5F93C832E7 /* Pods_RickandMorty.framework */; };
		AC061E942714B55A001819DF /* About.json in Resources */ = {isa = PBXBuildFile; fileRef = AC061E932714B55A001819DF /* About.json */; };
		AC061E9A2715D380001819DF /* PageForWelcomeScreen.swift in Sources */ = {isa = PBXBuildFile; fileRef = AC061E992715D380001819DF /* PageForWelcomeScreen.swift */; };
		AC061E9C2715D3BD001819DF /* PageForWelcomeScreenModel.swift in Sources */ = {isa = PBXBuildFile; fileRef = AC061E9B2715D3BD001819DF /* PageForWelcomeScreenModel.swift */; };
		AC061EA02715F3DD001819DF /* UITextView+HyperLinks.swift in Sources */ = {isa = PBXBuildFile; fileRef = AC061E9F2715F3DD001819DF /* UITextView+HyperLinks.swift */; };
		ACEC691A26E5471300A0F25E /* DataViewController.swift in Sources */ = {isa = PBXBuildFile; fileRef = ACEC691926E5471300A0F25E /* DataViewController.swift */; };
		ACEC691C26E54BB700A0F25E /* CustomPageViewController.swift in Sources */ = {isa = PBXBuildFile; fileRef = ACEC691B26E54BB700A0F25E /* CustomPageViewController.swift */; };
		ACFCCF9B26E0F53A00D9A7DF /* AppDelegate.swift in Sources */ = {isa = PBXBuildFile; fileRef = ACFCCF9A26E0F53A00D9A7DF /* AppDelegate.swift */; };
		ACFCCF9D26E0F53A00D9A7DF /* SceneDelegate.swift in Sources */ = {isa = PBXBuildFile; fileRef = ACFCCF9C26E0F53A00D9A7DF /* SceneDelegate.swift */; };
		ACFCCF9F26E0F53A00D9A7DF /* WelcomeViewController.swift in Sources */ = {isa = PBXBuildFile; fileRef = ACFCCF9E26E0F53A00D9A7DF /* WelcomeViewController.swift */; };
		ACFCCFA226E0F53A00D9A7DF /* Main.storyboard in Resources */ = {isa = PBXBuildFile; fileRef = ACFCCFA026E0F53A00D9A7DF /* Main.storyboard */; };
		ACFCCFA426E0F53E00D9A7DF /* Assets.xcassets in Resources */ = {isa = PBXBuildFile; fileRef = ACFCCFA326E0F53E00D9A7DF /* Assets.xcassets */; };
		ACFCCFA726E0F53E00D9A7DF /* LaunchScreen.storyboard in Resources */ = {isa = PBXBuildFile; fileRef = ACFCCFA526E0F53E00D9A7DF /* LaunchScreen.storyboard */; };
/* End PBXBuildFile section */

/* Begin PBXFileReference section */
		2EDD57A02449A660CBA4A46C /* Pods-RickandMorty.release.xcconfig */ = {isa = PBXFileReference; includeInIndex = 1; lastKnownFileType = text.xcconfig; name = "Pods-RickandMorty.release.xcconfig"; path = "Target Support Files/Pods-RickandMorty/Pods-RickandMorty.release.xcconfig"; sourceTree = "<group>"; };
		41B88B604DE07085F3ABD64B /* Pods-RickandMorty.debug.xcconfig */ = {isa = PBXFileReference; includeInIndex = 1; lastKnownFileType = text.xcconfig; name = "Pods-RickandMorty.debug.xcconfig"; path = "Target Support Files/Pods-RickandMorty/Pods-RickandMorty.debug.xcconfig"; sourceTree = "<group>"; };
		7C9C5A74A8609D5F93C832E7 /* Pods_RickandMorty.framework */ = {isa = PBXFileReference; explicitFileType = wrapper.framework; includeInIndex = 0; path = Pods_RickandMorty.framework; sourceTree = BUILT_PRODUCTS_DIR; };
		AC061E932714B55A001819DF /* About.json */ = {isa = PBXFileReference; lastKnownFileType = text.json; path = About.json; sourceTree = "<group>"; xcLanguageSpecificationIdentifier = xcode.lang.json; };
		AC061E992715D380001819DF /* PageForWelcomeScreen.swift */ = {isa = PBXFileReference; lastKnownFileType = sourcecode.swift; path = PageForWelcomeScreen.swift; sourceTree = "<group>"; };
		AC061E9B2715D3BD001819DF /* PageForWelcomeScreenModel.swift */ = {isa = PBXFileReference; lastKnownFileType = sourcecode.swift; path = PageForWelcomeScreenModel.swift; sourceTree = "<group>"; };
		AC061E9F2715F3DD001819DF /* UITextView+HyperLinks.swift */ = {isa = PBXFileReference; lastKnownFileType = sourcecode.swift; path = "UITextView+HyperLinks.swift"; sourceTree = "<group>"; };
		ACEC691926E5471300A0F25E /* DataViewController.swift */ = {isa = PBXFileReference; lastKnownFileType = sourcecode.swift; path = DataViewController.swift; sourceTree = "<group>"; };
		ACEC691B26E54BB700A0F25E /* CustomPageViewController.swift */ = {isa = PBXFileReference; lastKnownFileType = sourcecode.swift; path = CustomPageViewController.swift; sourceTree = "<group>"; };
		ACFCCF9726E0F53A00D9A7DF /* RickandMorty.app */ = {isa = PBXFileReference; explicitFileType = wrapper.application; includeInIndex = 0; path = RickandMorty.app; sourceTree = BUILT_PRODUCTS_DIR; };
		ACFCCF9A26E0F53A00D9A7DF /* AppDelegate.swift */ = {isa = PBXFileReference; lastKnownFileType = sourcecode.swift; path = AppDelegate.swift; sourceTree = "<group>"; };
		ACFCCF9C26E0F53A00D9A7DF /* SceneDelegate.swift */ = {isa = PBXFileReference; lastKnownFileType = sourcecode.swift; path = SceneDelegate.swift; sourceTree = "<group>"; };
		ACFCCF9E26E0F53A00D9A7DF /* WelcomeViewController.swift */ = {isa = PBXFileReference; lastKnownFileType = sourcecode.swift; path = WelcomeViewController.swift; sourceTree = "<group>"; };
		ACFCCFA126E0F53A00D9A7DF /* Base */ = {isa = PBXFileReference; lastKnownFileType = file.storyboard; name = Base; path = Base.lproj/Main.storyboard; sourceTree = "<group>"; };
		ACFCCFA326E0F53E00D9A7DF /* Assets.xcassets */ = {isa = PBXFileReference; lastKnownFileType = folder.assetcatalog; path = Assets.xcassets; sourceTree = "<group>"; };
		ACFCCFA626E0F53E00D9A7DF /* Base */ = {isa = PBXFileReference; lastKnownFileType = file.storyboard; name = Base; path = Base.lproj/LaunchScreen.storyboard; sourceTree = "<group>"; };
		ACFCCFA826E0F53E00D9A7DF /* Info.plist */ = {isa = PBXFileReference; lastKnownFileType = text.plist.xml; path = Info.plist; sourceTree = "<group>"; };
/* End PBXFileReference section */

/* Begin PBXFrameworksBuildPhase section */
		ACFCCF9426E0F53A00D9A7DF /* Frameworks */ = {
			isa = PBXFrameworksBuildPhase;
			buildActionMask = 2147483647;
			files = (
				4B7956437A65BEE2CBA46F43 /* Pods_RickandMorty.framework in Frameworks */,
			);
			runOnlyForDeploymentPostprocessing = 0;
		};
/* End PBXFrameworksBuildPhase section */

/* Begin PBXGroup section */
		49BD7D16454BE9A2816B0523 /* Pods */ = {
			isa = PBXGroup;
			children = (
				41B88B604DE07085F3ABD64B /* Pods-RickandMorty.debug.xcconfig */,
				2EDD57A02449A660CBA4A46C /* Pods-RickandMorty.release.xcconfig */,
			);
			path = Pods;
			sourceTree = "<group>";
		};
		4E74CE8AEB1E6A1719FACE0A /* Frameworks */ = {
			isa = PBXGroup;
			children = (
				7C9C5A74A8609D5F93C832E7 /* Pods_RickandMorty.framework */,
			);
			name = Frameworks;
			sourceTree = "<group>";
		};
		AC061E952714B738001819DF /* Welcome screen text json file */ = {
			isa = PBXGroup;
			children = (
				AC061E932714B55A001819DF /* About.json */,
			);
			path = "Welcome screen text json file";
			sourceTree = "<group>";
		};
		AC061E962715D20F001819DF /* WelcomeScreen */ = {
			isa = PBXGroup;
			children = (
				ACFCCF9E26E0F53A00D9A7DF /* WelcomeViewController.swift */,
				ACEC691926E5471300A0F25E /* DataViewController.swift */,
				ACEC691B26E54BB700A0F25E /* CustomPageViewController.swift */,
			);
			path = WelcomeScreen;
			sourceTree = "<group>";
		};
		AC061E982715D24A001819DF /* Models */ = {
			isa = PBXGroup;
			children = (
				AC061E9B2715D3BD001819DF /* PageForWelcomeScreenModel.swift */,
			);
			path = Models;
			sourceTree = "<group>";
		};
		AC061E9D2715D859001819DF /* Entity */ = {
			isa = PBXGroup;
			children = (
				AC061E992715D380001819DF /* PageForWelcomeScreen.swift */,
			);
			path = Entity;
			sourceTree = "<group>";
		};
		AC061E9E2715F290001819DF /* Extension */ = {
			isa = PBXGroup;
			children = (
				AC061E9F2715F3DD001819DF /* UITextView+HyperLinks.swift */,
			);
			path = Extension;
			sourceTree = "<group>";
		};
		ACA4CA292710245B00F350EB /* Storyboards */ = {
			isa = PBXGroup;
			children = (
				ACFCCFA026E0F53A00D9A7DF /* Main.storyboard */,
				ACFCCFA526E0F53E00D9A7DF /* LaunchScreen.storyboard */,
			);
			path = Storyboards;
			sourceTree = "<group>";
		};
		ACA4CA2A2710253800F350EB /* Controllers */ = {
			isa = PBXGroup;
			children = (
				AC061E962715D20F001819DF /* WelcomeScreen */,
			);
			path = Controllers;
			sourceTree = "<group>";
		};
		ACFCCF8E26E0F53A00D9A7DF = {
			isa = PBXGroup;
			children = (
				ACFCCF9926E0F53A00D9A7DF /* RickandMorty */,
				ACFCCF9826E0F53A00D9A7DF /* Products */,
				49BD7D16454BE9A2816B0523 /* Pods */,
				4E74CE8AEB1E6A1719FACE0A /* Frameworks */,
			);
			sourceTree = "<group>";
		};
		ACFCCF9826E0F53A00D9A7DF /* Products */ = {
			isa = PBXGroup;
			children = (
				ACFCCF9726E0F53A00D9A7DF /* RickandMorty.app */,
			);
			name = Products;
			sourceTree = "<group>";
		};
		ACFCCF9926E0F53A00D9A7DF /* RickandMorty */ = {
			isa = PBXGroup;
			children = (
				ACFCCF9A26E0F53A00D9A7DF /* AppDelegate.swift */,
				ACFCCF9C26E0F53A00D9A7DF /* SceneDelegate.swift */,
				AC061E9D2715D859001819DF /* Entity */,
				AC061E982715D24A001819DF /* Models */,
				ACA4CA2A2710253800F350EB /* Controllers */,
				ACA4CA292710245B00F350EB /* Storyboards */,
				ACFCCFA326E0F53E00D9A7DF /* Assets.xcassets */,
				AC061E9E2715F290001819DF /* Extension */,
				AC061E952714B738001819DF /* Welcome screen text json file */,
				ACFCCFA826E0F53E00D9A7DF /* Info.plist */,
			);
			path = RickandMorty;
			sourceTree = "<group>";
		};
/* End PBXGroup section */

/* Begin PBXNativeTarget section */
		ACFCCF9626E0F53A00D9A7DF /* RickandMorty */ = {
			isa = PBXNativeTarget;
			buildConfigurationList = ACFCCFAB26E0F53E00D9A7DF /* Build configuration list for PBXNativeTarget "RickandMorty" */;
			buildPhases = (
				E2E4ACB44AA46D1BD146857E /* [CP] Check Pods Manifest.lock */,
				ACDCA05526E0FA1F0081C64D /* ShellScript */,
				ACFCCF9326E0F53A00D9A7DF /* Sources */,
				ACFCCF9426E0F53A00D9A7DF /* Frameworks */,
				ACFCCF9526E0F53A00D9A7DF /* Resources */,
			);
			buildRules = (
			);
			dependencies = (
			);
			name = RickandMorty;
			productName = RickandMorty;
			productReference = ACFCCF9726E0F53A00D9A7DF /* RickandMorty.app */;
			productType = "com.apple.product-type.application";
		};
/* End PBXNativeTarget section */

/* Begin PBXProject section */
		ACFCCF8F26E0F53A00D9A7DF /* Project object */ = {
			isa = PBXProject;
			attributes = {
				LastSwiftUpdateCheck = 1250;
				LastUpgradeCheck = 1250;
				TargetAttributes = {
					ACFCCF9626E0F53A00D9A7DF = {
						CreatedOnToolsVersion = 12.5.1;
					};
				};
			};
			buildConfigurationList = ACFCCF9226E0F53A00D9A7DF /* Build configuration list for PBXProject "RickandMorty" */;
			compatibilityVersion = "Xcode 9.3";
			developmentRegion = en;
			hasScannedForEncodings = 0;
			knownRegions = (
				en,
				Base,
			);
			mainGroup = ACFCCF8E26E0F53A00D9A7DF;
			productRefGroup = ACFCCF9826E0F53A00D9A7DF /* Products */;
			projectDirPath = "";
			projectRoot = "";
			targets = (
				ACFCCF9626E0F53A00D9A7DF /* RickandMorty */,
			);
		};
/* End PBXProject section */

/* Begin PBXResourcesBuildPhase section */
		ACFCCF9526E0F53A00D9A7DF /* Resources */ = {
			isa = PBXResourcesBuildPhase;
			buildActionMask = 2147483647;
			files = (
				ACFCCFA726E0F53E00D9A7DF /* LaunchScreen.storyboard in Resources */,
				AC061E942714B55A001819DF /* About.json in Resources */,
				ACFCCFA426E0F53E00D9A7DF /* Assets.xcassets in Resources */,
				ACFCCFA226E0F53A00D9A7DF /* Main.storyboard in Resources */,
			);
			runOnlyForDeploymentPostprocessing = 0;
		};
/* End PBXResourcesBuildPhase section */

/* Begin PBXShellScriptBuildPhase section */
		ACDCA05526E0FA1F0081C64D /* ShellScript */ = {
			isa = PBXShellScriptBuildPhase;
			buildActionMask = 2147483647;
			files = (
			);
			inputFileListPaths = (
			);
			inputPaths = (
			);
			outputFileListPaths = (
			);
			outputPaths = (
			);
			runOnlyForDeploymentPostprocessing = 0;
			shellPath = /bin/sh;
			shellScript = "# Type a script or drag a script file from your workspace to insert its path.\nPATH=/opt/homebrew/bin:$PATH\nif [ -f com.raywenderlich.swiftlint.yml ]; then\n  if which \"${PODS_ROOT}/SwiftLint/swiftlint\" >/dev/null; then\n    ${PODS_ROOT}/SwiftLint/swiftlint --no-cache --config com.raywenderlich.swiftlint.yml\n  fi\nfi\n";
		};
		E2E4ACB44AA46D1BD146857E /* [CP] Check Pods Manifest.lock */ = {
			isa = PBXShellScriptBuildPhase;
			buildActionMask = 2147483647;
			files = (
			);
			inputFileListPaths = (
			);
			inputPaths = (
				"${PODS_PODFILE_DIR_PATH}/Podfile.lock",
				"${PODS_ROOT}/Manifest.lock",
			);
			name = "[CP] Check Pods Manifest.lock";
			outputFileListPaths = (
			);
			outputPaths = (
				"$(DERIVED_FILE_DIR)/Pods-RickandMorty-checkManifestLockResult.txt",
			);
			runOnlyForDeploymentPostprocessing = 0;
			shellPath = /bin/sh;
			shellScript = "diff \"${PODS_PODFILE_DIR_PATH}/Podfile.lock\" \"${PODS_ROOT}/Manifest.lock\" > /dev/null\nif [ $? != 0 ] ; then\n    # print error to STDERR\n    echo \"error: The sandbox is not in sync with the Podfile.lock. Run 'pod install' or update your CocoaPods installation.\" >&2\n    exit 1\nfi\n# This output is used by Xcode 'outputs' to avoid re-running this script phase.\necho \"SUCCESS\" > \"${SCRIPT_OUTPUT_FILE_0}\"\n";
			showEnvVarsInLog = 0;
		};
/* End PBXShellScriptBuildPhase section */

/* Begin PBXSourcesBuildPhase section */
		ACFCCF9326E0F53A00D9A7DF /* Sources */ = {
			isa = PBXSourcesBuildPhase;
			buildActionMask = 2147483647;
			files = (
				AC061EA02715F3DD001819DF /* UITextView+HyperLinks.swift in Sources */,
				ACEC691A26E5471300A0F25E /* DataViewController.swift in Sources */,
				AC061E9A2715D380001819DF /* PageForWelcomeScreen.swift in Sources */,
				AC061E9C2715D3BD001819DF /* PageForWelcomeScreenModel.swift in Sources */,
				ACFCCF9F26E0F53A00D9A7DF /* WelcomeViewController.swift in Sources */,
				ACFCCF9B26E0F53A00D9A7DF /* AppDelegate.swift in Sources */,
				ACEC691C26E54BB700A0F25E /* CustomPageViewController.swift in Sources */,
				ACFCCF9D26E0F53A00D9A7DF /* SceneDelegate.swift in Sources */,
			);
			runOnlyForDeploymentPostprocessing = 0;
		};
/* End PBXSourcesBuildPhase section */

/* Begin PBXVariantGroup section */
		ACFCCFA026E0F53A00D9A7DF /* Main.storyboard */ = {
			isa = PBXVariantGroup;
			children = (
				ACFCCFA126E0F53A00D9A7DF /* Base */,
			);
			name = Main.storyboard;
			sourceTree = "<group>";
		};
		ACFCCFA526E0F53E00D9A7DF /* LaunchScreen.storyboard */ = {
			isa = PBXVariantGroup;
			children = (
				ACFCCFA626E0F53E00D9A7DF /* Base */,
			);
			name = LaunchScreen.storyboard;
			sourceTree = "<group>";
		};
/* End PBXVariantGroup section */

/* Begin XCBuildConfiguration section */
		ACFCCFA926E0F53E00D9A7DF /* Debug */ = {
			isa = XCBuildConfiguration;
			buildSettings = {
				ALWAYS_SEARCH_USER_PATHS = NO;
				CLANG_ANALYZER_NONNULL = YES;
				CLANG_ANALYZER_NUMBER_OBJECT_CONVERSION = YES_AGGRESSIVE;
				CLANG_CXX_LANGUAGE_STANDARD = "gnu++14";
				CLANG_CXX_LIBRARY = "libc++";
				CLANG_ENABLE_MODULES = YES;
				CLANG_ENABLE_OBJC_ARC = YES;
				CLANG_ENABLE_OBJC_WEAK = YES;
				CLANG_WARN_BLOCK_CAPTURE_AUTORELEASING = YES;
				CLANG_WARN_BOOL_CONVERSION = YES;
				CLANG_WARN_COMMA = YES;
				CLANG_WARN_CONSTANT_CONVERSION = YES;
				CLANG_WARN_DEPRECATED_OBJC_IMPLEMENTATIONS = YES;
				CLANG_WARN_DIRECT_OBJC_ISA_USAGE = YES_ERROR;
				CLANG_WARN_DOCUMENTATION_COMMENTS = YES;
				CLANG_WARN_EMPTY_BODY = YES;
				CLANG_WARN_ENUM_CONVERSION = YES;
				CLANG_WARN_INFINITE_RECURSION = YES;
				CLANG_WARN_INT_CONVERSION = YES;
				CLANG_WARN_NON_LITERAL_NULL_CONVERSION = YES;
				CLANG_WARN_OBJC_IMPLICIT_RETAIN_SELF = YES;
				CLANG_WARN_OBJC_LITERAL_CONVERSION = YES;
				CLANG_WARN_OBJC_ROOT_CLASS = YES_ERROR;
				CLANG_WARN_QUOTED_INCLUDE_IN_FRAMEWORK_HEADER = YES;
				CLANG_WARN_RANGE_LOOP_ANALYSIS = YES;
				CLANG_WARN_STRICT_PROTOTYPES = YES;
				CLANG_WARN_SUSPICIOUS_MOVE = YES;
				CLANG_WARN_UNGUARDED_AVAILABILITY = YES_AGGRESSIVE;
				CLANG_WARN_UNREACHABLE_CODE = YES;
				CLANG_WARN__DUPLICATE_METHOD_MATCH = YES;
				COPY_PHASE_STRIP = NO;
				DEBUG_INFORMATION_FORMAT = dwarf;
				ENABLE_STRICT_OBJC_MSGSEND = YES;
				ENABLE_TESTABILITY = YES;
				GCC_C_LANGUAGE_STANDARD = gnu11;
				GCC_DYNAMIC_NO_PIC = NO;
				GCC_NO_COMMON_BLOCKS = YES;
				GCC_OPTIMIZATION_LEVEL = 0;
				GCC_PREPROCESSOR_DEFINITIONS = (
					"DEBUG=1",
					"$(inherited)",
				);
				GCC_WARN_64_TO_32_BIT_CONVERSION = YES;
				GCC_WARN_ABOUT_RETURN_TYPE = YES_ERROR;
				GCC_WARN_UNDECLARED_SELECTOR = YES;
				GCC_WARN_UNINITIALIZED_AUTOS = YES_AGGRESSIVE;
				GCC_WARN_UNUSED_FUNCTION = YES;
				GCC_WARN_UNUSED_VARIABLE = YES;
				IPHONEOS_DEPLOYMENT_TARGET = 14.5;
				MTL_ENABLE_DEBUG_INFO = INCLUDE_SOURCE;
				MTL_FAST_MATH = YES;
				ONLY_ACTIVE_ARCH = YES;
				SDKROOT = iphoneos;
				SWIFT_ACTIVE_COMPILATION_CONDITIONS = DEBUG;
				SWIFT_OPTIMIZATION_LEVEL = "-Onone";
			};
			name = Debug;
		};
		ACFCCFAA26E0F53E00D9A7DF /* Release */ = {
			isa = XCBuildConfiguration;
			buildSettings = {
				ALWAYS_SEARCH_USER_PATHS = NO;
				CLANG_ANALYZER_NONNULL = YES;
				CLANG_ANALYZER_NUMBER_OBJECT_CONVERSION = YES_AGGRESSIVE;
				CLANG_CXX_LANGUAGE_STANDARD = "gnu++14";
				CLANG_CXX_LIBRARY = "libc++";
				CLANG_ENABLE_MODULES = YES;
				CLANG_ENABLE_OBJC_ARC = YES;
				CLANG_ENABLE_OBJC_WEAK = YES;
				CLANG_WARN_BLOCK_CAPTURE_AUTORELEASING = YES;
				CLANG_WARN_BOOL_CONVERSION = YES;
				CLANG_WARN_COMMA = YES;
				CLANG_WARN_CONSTANT_CONVERSION = YES;
				CLANG_WARN_DEPRECATED_OBJC_IMPLEMENTATIONS = YES;
				CLANG_WARN_DIRECT_OBJC_ISA_USAGE = YES_ERROR;
				CLANG_WARN_DOCUMENTATION_COMMENTS = YES;
				CLANG_WARN_EMPTY_BODY = YES;
				CLANG_WARN_ENUM_CONVERSION = YES;
				CLANG_WARN_INFINITE_RECURSION = YES;
				CLANG_WARN_INT_CONVERSION = YES;
				CLANG_WARN_NON_LITERAL_NULL_CONVERSION = YES;
				CLANG_WARN_OBJC_IMPLICIT_RETAIN_SELF = YES;
				CLANG_WARN_OBJC_LITERAL_CONVERSION = YES;
				CLANG_WARN_OBJC_ROOT_CLASS = YES_ERROR;
				CLANG_WARN_QUOTED_INCLUDE_IN_FRAMEWORK_HEADER = YES;
				CLANG_WARN_RANGE_LOOP_ANALYSIS = YES;
				CLANG_WARN_STRICT_PROTOTYPES = YES;
				CLANG_WARN_SUSPICIOUS_MOVE = YES;
				CLANG_WARN_UNGUARDED_AVAILABILITY = YES_AGGRESSIVE;
				CLANG_WARN_UNREACHABLE_CODE = YES;
				CLANG_WARN__DUPLICATE_METHOD_MATCH = YES;
				COPY_PHASE_STRIP = NO;
				DEBUG_INFORMATION_FORMAT = "dwarf-with-dsym";
				ENABLE_NS_ASSERTIONS = NO;
				ENABLE_STRICT_OBJC_MSGSEND = YES;
				GCC_C_LANGUAGE_STANDARD = gnu11;
				GCC_NO_COMMON_BLOCKS = YES;
				GCC_WARN_64_TO_32_BIT_CONVERSION = YES;
				GCC_WARN_ABOUT_RETURN_TYPE = YES_ERROR;
				GCC_WARN_UNDECLARED_SELECTOR = YES;
				GCC_WARN_UNINITIALIZED_AUTOS = YES_AGGRESSIVE;
				GCC_WARN_UNUSED_FUNCTION = YES;
				GCC_WARN_UNUSED_VARIABLE = YES;
				IPHONEOS_DEPLOYMENT_TARGET = 14.5;
				MTL_ENABLE_DEBUG_INFO = NO;
				MTL_FAST_MATH = YES;
				SDKROOT = iphoneos;
				SWIFT_COMPILATION_MODE = wholemodule;
				SWIFT_OPTIMIZATION_LEVEL = "-O";
				VALIDATE_PRODUCT = YES;
			};
			name = Release;
		};
		ACFCCFAC26E0F53E00D9A7DF /* Debug */ = {
			isa = XCBuildConfiguration;
			baseConfigurationReference = 41B88B604DE07085F3ABD64B /* Pods-RickandMorty.debug.xcconfig */;
			buildSettings = {
				ASSETCATALOG_COMPILER_APPICON_NAME = AppIcon;
				ASSETCATALOG_COMPILER_GLOBAL_ACCENT_COLOR_NAME = AccentColor;
				CODE_SIGN_STYLE = Automatic;
				DEVELOPMENT_TEAM = 7GQ344696R;
				INFOPLIST_FILE = RickandMorty/Info.plist;
				LD_RUNPATH_SEARCH_PATHS = (
					"$(inherited)",
					"@executable_path/Frameworks",
				);
				PRODUCT_BUNDLE_IDENTIFIER = Artem.RickandMorty;
				PRODUCT_NAME = "$(TARGET_NAME)";
				SWIFT_VERSION = 5.0;
				TARGETED_DEVICE_FAMILY = 1;
			};
			name = Debug;
		};
		ACFCCFAD26E0F53E00D9A7DF /* Release */ = {
			isa = XCBuildConfiguration;
			baseConfigurationReference = 2EDD57A02449A660CBA4A46C /* Pods-RickandMorty.release.xcconfig */;
			buildSettings = {
				ASSETCATALOG_COMPILER_APPICON_NAME = AppIcon;
				ASSETCATALOG_COMPILER_GLOBAL_ACCENT_COLOR_NAME = AccentColor;
				CODE_SIGN_STYLE = Automatic;
				DEVELOPMENT_TEAM = 7GQ344696R;
				INFOPLIST_FILE = RickandMorty/Info.plist;
				LD_RUNPATH_SEARCH_PATHS = (
					"$(inherited)",
					"@executable_path/Frameworks",
				);
				PRODUCT_BUNDLE_IDENTIFIER = Artem.RickandMorty;
				PRODUCT_NAME = "$(TARGET_NAME)";
				SWIFT_VERSION = 5.0;
				TARGETED_DEVICE_FAMILY = 1;
			};
			name = Release;
		};
/* End XCBuildConfiguration section */

/* Begin XCConfigurationList section */
		ACFCCF9226E0F53A00D9A7DF /* Build configuration list for PBXProject "RickandMorty" */ = {
			isa = XCConfigurationList;
			buildConfigurations = (
				ACFCCFA926E0F53E00D9A7DF /* Debug */,
				ACFCCFAA26E0F53E00D9A7DF /* Release */,
			);
			defaultConfigurationIsVisible = 0;
			defaultConfigurationName = Release;
		};
		ACFCCFAB26E0F53E00D9A7DF /* Build configuration list for PBXNativeTarget "RickandMorty" */ = {
			isa = XCConfigurationList;
			buildConfigurations = (
				ACFCCFAC26E0F53E00D9A7DF /* Debug */,
				ACFCCFAD26E0F53E00D9A7DF /* Release */,
			);
			defaultConfigurationIsVisible = 0;
			defaultConfigurationName = Release;
		};
/* End XCConfigurationList section */
	};
	rootObject = ACFCCF8F26E0F53A00D9A7DF /* Project object */;
}
