// !$*UTF8*$!
{
	archiveVersion = 1;
	classes = {
	};
	objectVersion = 50;
	objects = {

/* Begin PBXBuildFile section */
		4B7956437A65BEE2CBA46F43 /* Pods_RickandMorty.framework in Frameworks */ = {isa = PBXBuildFile; fileRef = 7C9C5A74A8609D5F93C832E7 /* Pods_RickandMorty.framework */; };
		AC061E942714B55A001819DF /* About.json in Resources */ = {isa = PBXBuildFile; fileRef = AC061E932714B55A001819DF /* About.json */; };
		AC061E9A2715D380001819DF /* WelcomeScreenPage.swift in Sources */ = {isa = PBXBuildFile; fileRef = AC061E992715D380001819DF /* WelcomeScreenPage.swift */; };
		AC061E9C2715D3BD001819DF /* WelcomeScreenPageModel.swift in Sources */ = {isa = PBXBuildFile; fileRef = AC061E9B2715D3BD001819DF /* WelcomeScreenPageModel.swift */; };
		AC061EA02715F3DD001819DF /* UITextViewExtension.swift in Sources */ = {isa = PBXBuildFile; fileRef = AC061E9F2715F3DD001819DF /* UITextViewExtension.swift */; };
		AC061EA22718A135001819DF /* AppCoordinator.swift in Sources */ = {isa = PBXBuildFile; fileRef = AC061EA12718A135001819DF /* AppCoordinator.swift */; };
		AC061EA6271B4873001819DF /* UserDefaultsKeys.swift in Sources */ = {isa = PBXBuildFile; fileRef = AC061EA5271B4873001819DF /* UserDefaultsKeys.swift */; };
		AC061EA8271B48D4001819DF /* RootViewController.swift in Sources */ = {isa = PBXBuildFile; fileRef = AC061EA7271B48D4001819DF /* RootViewController.swift */; };
		AC061EAD271F08DC001819DF /* StoryboardCreatable.swift in Sources */ = {isa = PBXBuildFile; fileRef = AC061EAC271F08DC001819DF /* StoryboardCreatable.swift */; };
		AC061EB1271F0C31001819DF /* AuthViewController.swift in Sources */ = {isa = PBXBuildFile; fileRef = AC061EB0271F0C31001819DF /* AuthViewController.swift */; };
		AC061EB3271F0CB0001819DF /* AuthViewController.storyboard in Resources */ = {isa = PBXBuildFile; fileRef = AC061EB2271F0CB0001819DF /* AuthViewController.storyboard */; };
		AC061EB5271F0CCF001819DF /* CharactersViewController.storyboard in Resources */ = {isa = PBXBuildFile; fileRef = AC061EB4271F0CCF001819DF /* CharactersViewController.storyboard */; };
		AC061EB7271F0CE6001819DF /* CharactersViewController.swift in Sources */ = {isa = PBXBuildFile; fileRef = AC061EB6271F0CE6001819DF /* CharactersViewController.swift */; };
		AC061EBA27207A3C001819DF /* UserModel.swift in Sources */ = {isa = PBXBuildFile; fileRef = AC061EB927207A3B001819DF /* UserModel.swift */; };
		AC061EBC27207AEE001819DF /* KeychainWrapperProtocol.swift in Sources */ = {isa = PBXBuildFile; fileRef = AC061EBB27207AEE001819DF /* KeychainWrapperProtocol.swift */; };
		AC061EBE27207B4E001819DF /* KeychainWrapper.swift in Sources */ = {isa = PBXBuildFile; fileRef = AC061EBD27207B4E001819DF /* KeychainWrapper.swift */; };
		AC061EC02721282A001819DF /* AuthServiceProtocol.swift in Sources */ = {isa = PBXBuildFile; fileRef = AC061EBF2721282A001819DF /* AuthServiceProtocol.swift */; };
		AC061EC2272128A4001819DF /* AuthService.swift in Sources */ = {isa = PBXBuildFile; fileRef = AC061EC1272128A4001819DF /* AuthService.swift */; };
		AC061EC4272129A4001819DF /* User.json in Resources */ = {isa = PBXBuildFile; fileRef = AC061EC3272129A4001819DF /* User.json */; };
		AC2A40152721C33B001268AD /* UITextFieldExtension.swift in Sources */ = {isa = PBXBuildFile; fileRef = AC2A40142721C33B001268AD /* UITextFieldExtension.swift */; };
		AC2A4017272B0CAB001268AD /* CustomTabBarViewController.storyboard in Resources */ = {isa = PBXBuildFile; fileRef = AC2A4016272B0CAB001268AD /* CustomTabBarViewController.storyboard */; };
		AC2A4019272B0D0A001268AD /* CustomTabBarViewController.swift in Sources */ = {isa = PBXBuildFile; fileRef = AC2A4018272B0D0A001268AD /* CustomTabBarViewController.swift */; };
		AC2A4021272B16A5001268AD /* LocationsViewController.storyboard in Resources */ = {isa = PBXBuildFile; fileRef = AC2A4020272B16A5001268AD /* LocationsViewController.storyboard */; };
		AC2A4023272B16EC001268AD /* LocationsViewController.swift in Sources */ = {isa = PBXBuildFile; fileRef = AC2A4022272B16EC001268AD /* LocationsViewController.swift */; };
		AC2A4025272B1722001268AD /* StatisticsViewController.swift in Sources */ = {isa = PBXBuildFile; fileRef = AC2A4024272B1722001268AD /* StatisticsViewController.swift */; };
		AC2A4027272B174A001268AD /* StatisticsViewController.storyboard in Resources */ = {isa = PBXBuildFile; fileRef = AC2A4026272B174A001268AD /* StatisticsViewController.storyboard */; };
		AC2A4029272B1764001268AD /* EpisodesViewController.swift in Sources */ = {isa = PBXBuildFile; fileRef = AC2A4028272B1764001268AD /* EpisodesViewController.swift */; };
		AC2A402B272B1770001268AD /* EpisodesViewController.storyboard in Resources */ = {isa = PBXBuildFile; fileRef = AC2A402A272B1770001268AD /* EpisodesViewController.storyboard */; };
		AC2A402E272B1BAA001268AD /* FavoritesViewController.swift in Sources */ = {isa = PBXBuildFile; fileRef = AC2A402D272B1BAA001268AD /* FavoritesViewController.swift */; };
		AC2A4030272B1BC8001268AD /* FavoritesViewController.storyboard in Resources */ = {isa = PBXBuildFile; fileRef = AC2A402F272B1BC8001268AD /* FavoritesViewController.storyboard */; };
		ACC84196273048080028DA03 /* TabBarImageNameKeys.swift in Sources */ = {isa = PBXBuildFile; fileRef = ACC84195273048080028DA03 /* TabBarImageNameKeys.swift */; };
		ACC84198273101CA0028DA03 /* AppColorKeys.swift in Sources */ = {isa = PBXBuildFile; fileRef = ACC84197273101CA0028DA03 /* AppColorKeys.swift */; };
		ACC8419A273112D10028DA03 /* CustomTabBar.swift in Sources */ = {isa = PBXBuildFile; fileRef = ACC84199273112D10028DA03 /* CustomTabBar.swift */; };
		ACEC691A26E5471300A0F25E /* DataViewController.swift in Sources */ = {isa = PBXBuildFile; fileRef = ACEC691926E5471300A0F25E /* DataViewController.swift */; };
		ACEC691C26E54BB700A0F25E /* CustomPageViewController.swift in Sources */ = {isa = PBXBuildFile; fileRef = ACEC691B26E54BB700A0F25E /* CustomPageViewController.swift */; };
		ACFCCF9B26E0F53A00D9A7DF /* AppDelegate.swift in Sources */ = {isa = PBXBuildFile; fileRef = ACFCCF9A26E0F53A00D9A7DF /* AppDelegate.swift */; };
		ACFCCF9D26E0F53A00D9A7DF /* SceneDelegate.swift in Sources */ = {isa = PBXBuildFile; fileRef = ACFCCF9C26E0F53A00D9A7DF /* SceneDelegate.swift */; };
		ACFCCF9F26E0F53A00D9A7DF /* WelcomeViewController.swift in Sources */ = {isa = PBXBuildFile; fileRef = ACFCCF9E26E0F53A00D9A7DF /* WelcomeViewController.swift */; };
		ACFCCFA226E0F53A00D9A7DF /* WelcomeViewController.storyboard in Resources */ = {isa = PBXBuildFile; fileRef = ACFCCFA026E0F53A00D9A7DF /* WelcomeViewController.storyboard */; };
		ACFCCFA426E0F53E00D9A7DF /* Assets.xcassets in Resources */ = {isa = PBXBuildFile; fileRef = ACFCCFA326E0F53E00D9A7DF /* Assets.xcassets */; };
		ACFCCFA726E0F53E00D9A7DF /* LaunchScreen.storyboard in Resources */ = {isa = PBXBuildFile; fileRef = ACFCCFA526E0F53E00D9A7DF /* LaunchScreen.storyboard */; };
/* End PBXBuildFile section */

/* Begin PBXFileReference section */
		2EDD57A02449A660CBA4A46C /* Pods-RickandMorty.release.xcconfig */ = {isa = PBXFileReference; includeInIndex = 1; lastKnownFileType = text.xcconfig; name = "Pods-RickandMorty.release.xcconfig"; path = "Target Support Files/Pods-RickandMorty/Pods-RickandMorty.release.xcconfig"; sourceTree = "<group>"; };
		41B88B604DE07085F3ABD64B /* Pods-RickandMorty.debug.xcconfig */ = {isa = PBXFileReference; includeInIndex = 1; lastKnownFileType = text.xcconfig; name = "Pods-RickandMorty.debug.xcconfig"; path = "Target Support Files/Pods-RickandMorty/Pods-RickandMorty.debug.xcconfig"; sourceTree = "<group>"; };
		7C9C5A74A8609D5F93C832E7 /* Pods_RickandMorty.framework */ = {isa = PBXFileReference; explicitFileType = wrapper.framework; includeInIndex = 0; path = Pods_RickandMorty.framework; sourceTree = BUILT_PRODUCTS_DIR; };
		AC061E932714B55A001819DF /* About.json */ = {isa = PBXFileReference; lastKnownFileType = text.json; path = About.json; sourceTree = "<group>"; xcLanguageSpecificationIdentifier = xcode.lang.json; };
		AC061E992715D380001819DF /* WelcomeScreenPage.swift */ = {isa = PBXFileReference; lastKnownFileType = sourcecode.swift; path = WelcomeScreenPage.swift; sourceTree = "<group>"; };
		AC061E9B2715D3BD001819DF /* WelcomeScreenPageModel.swift */ = {isa = PBXFileReference; lastKnownFileType = sourcecode.swift; path = WelcomeScreenPageModel.swift; sourceTree = "<group>"; };
		AC061E9F2715F3DD001819DF /* UITextViewExtension.swift */ = {isa = PBXFileReference; lastKnownFileType = sourcecode.swift; path = UITextViewExtension.swift; sourceTree = "<group>"; };
		AC061EA12718A135001819DF /* AppCoordinator.swift */ = {isa = PBXFileReference; lastKnownFileType = sourcecode.swift; path = AppCoordinator.swift; sourceTree = "<group>"; };
		AC061EA5271B4873001819DF /* UserDefaultsKeys.swift */ = {isa = PBXFileReference; lastKnownFileType = sourcecode.swift; path = UserDefaultsKeys.swift; sourceTree = "<group>"; };
		AC061EA7271B48D4001819DF /* RootViewController.swift */ = {isa = PBXFileReference; lastKnownFileType = sourcecode.swift; path = RootViewController.swift; sourceTree = "<group>"; };
		AC061EAC271F08DC001819DF /* StoryboardCreatable.swift */ = {isa = PBXFileReference; lastKnownFileType = sourcecode.swift; path = StoryboardCreatable.swift; sourceTree = "<group>"; };
		AC061EB0271F0C31001819DF /* AuthViewController.swift */ = {isa = PBXFileReference; lastKnownFileType = sourcecode.swift; path = AuthViewController.swift; sourceTree = "<group>"; };
		AC061EB2271F0CB0001819DF /* AuthViewController.storyboard */ = {isa = PBXFileReference; lastKnownFileType = file.storyboard; path = AuthViewController.storyboard; sourceTree = "<group>"; };
		AC061EB4271F0CCF001819DF /* CharactersViewController.storyboard */ = {isa = PBXFileReference; lastKnownFileType = file.storyboard; path = CharactersViewController.storyboard; sourceTree = "<group>"; };
		AC061EB6271F0CE6001819DF /* CharactersViewController.swift */ = {isa = PBXFileReference; lastKnownFileType = sourcecode.swift; path = CharactersViewController.swift; sourceTree = "<group>"; };
		AC061EB927207A3B001819DF /* UserModel.swift */ = {isa = PBXFileReference; lastKnownFileType = sourcecode.swift; path = UserModel.swift; sourceTree = "<group>"; };
		AC061EBB27207AEE001819DF /* KeychainWrapperProtocol.swift */ = {isa = PBXFileReference; lastKnownFileType = sourcecode.swift; path = KeychainWrapperProtocol.swift; sourceTree = "<group>"; };
		AC061EBD27207B4E001819DF /* KeychainWrapper.swift */ = {isa = PBXFileReference; lastKnownFileType = sourcecode.swift; path = KeychainWrapper.swift; sourceTree = "<group>"; };
		AC061EBF2721282A001819DF /* AuthServiceProtocol.swift */ = {isa = PBXFileReference; lastKnownFileType = sourcecode.swift; path = AuthServiceProtocol.swift; sourceTree = "<group>"; };
		AC061EC1272128A4001819DF /* AuthService.swift */ = {isa = PBXFileReference; lastKnownFileType = sourcecode.swift; path = AuthService.swift; sourceTree = "<group>"; };
		AC061EC3272129A4001819DF /* User.json */ = {isa = PBXFileReference; lastKnownFileType = text.json; path = User.json; sourceTree = "<group>"; xcLanguageSpecificationIdentifier = xcode.lang.json; };
		AC2A40142721C33B001268AD /* UITextFieldExtension.swift */ = {isa = PBXFileReference; lastKnownFileType = sourcecode.swift; path = UITextFieldExtension.swift; sourceTree = "<group>"; };
		AC2A4016272B0CAB001268AD /* CustomTabBarViewController.storyboard */ = {isa = PBXFileReference; lastKnownFileType = file.storyboard; path = CustomTabBarViewController.storyboard; sourceTree = "<group>"; };
		AC2A4018272B0D0A001268AD /* CustomTabBarViewController.swift */ = {isa = PBXFileReference; lastKnownFileType = sourcecode.swift; path = CustomTabBarViewController.swift; sourceTree = "<group>"; };
		AC2A4020272B16A5001268AD /* LocationsViewController.storyboard */ = {isa = PBXFileReference; lastKnownFileType = file.storyboard; path = LocationsViewController.storyboard; sourceTree = "<group>"; };
		AC2A4022272B16EC001268AD /* LocationsViewController.swift */ = {isa = PBXFileReference; lastKnownFileType = sourcecode.swift; path = LocationsViewController.swift; sourceTree = "<group>"; };
		AC2A4024272B1722001268AD /* StatisticsViewController.swift */ = {isa = PBXFileReference; lastKnownFileType = sourcecode.swift; path = StatisticsViewController.swift; sourceTree = "<group>"; };
		AC2A4026272B174A001268AD /* StatisticsViewController.storyboard */ = {isa = PBXFileReference; lastKnownFileType = file.storyboard; path = StatisticsViewController.storyboard; sourceTree = "<group>"; };
		AC2A4028272B1764001268AD /* EpisodesViewController.swift */ = {isa = PBXFileReference; lastKnownFileType = sourcecode.swift; path = EpisodesViewController.swift; sourceTree = "<group>"; };
		AC2A402A272B1770001268AD /* EpisodesViewController.storyboard */ = {isa = PBXFileReference; lastKnownFileType = file.storyboard; path = EpisodesViewController.storyboard; sourceTree = "<group>"; };
		AC2A402D272B1BAA001268AD /* FavoritesViewController.swift */ = {isa = PBXFileReference; lastKnownFileType = sourcecode.swift; path = FavoritesViewController.swift; sourceTree = "<group>"; };
		AC2A402F272B1BC8001268AD /* FavoritesViewController.storyboard */ = {isa = PBXFileReference; lastKnownFileType = file.storyboard; path = FavoritesViewController.storyboard; sourceTree = "<group>"; };
		ACC84195273048080028DA03 /* TabBarImageNameKeys.swift */ = {isa = PBXFileReference; lastKnownFileType = sourcecode.swift; path = TabBarImageNameKeys.swift; sourceTree = "<group>"; };
		ACC84197273101CA0028DA03 /* AppColorKeys.swift */ = {isa = PBXFileReference; lastKnownFileType = sourcecode.swift; path = AppColorKeys.swift; sourceTree = "<group>"; };
		ACC84199273112D10028DA03 /* CustomTabBar.swift */ = {isa = PBXFileReference; lastKnownFileType = sourcecode.swift; path = CustomTabBar.swift; sourceTree = "<group>"; };
		ACEC691926E5471300A0F25E /* DataViewController.swift */ = {isa = PBXFileReference; lastKnownFileType = sourcecode.swift; path = DataViewController.swift; sourceTree = "<group>"; };
		ACEC691B26E54BB700A0F25E /* CustomPageViewController.swift */ = {isa = PBXFileReference; lastKnownFileType = sourcecode.swift; path = CustomPageViewController.swift; sourceTree = "<group>"; };
		ACFCCF9726E0F53A00D9A7DF /* RickandMorty.app */ = {isa = PBXFileReference; explicitFileType = wrapper.application; includeInIndex = 0; path = RickandMorty.app; sourceTree = BUILT_PRODUCTS_DIR; };
		ACFCCF9A26E0F53A00D9A7DF /* AppDelegate.swift */ = {isa = PBXFileReference; lastKnownFileType = sourcecode.swift; path = AppDelegate.swift; sourceTree = "<group>"; };
		ACFCCF9C26E0F53A00D9A7DF /* SceneDelegate.swift */ = {isa = PBXFileReference; lastKnownFileType = sourcecode.swift; path = SceneDelegate.swift; sourceTree = "<group>"; };
		ACFCCF9E26E0F53A00D9A7DF /* WelcomeViewController.swift */ = {isa = PBXFileReference; lastKnownFileType = sourcecode.swift; path = WelcomeViewController.swift; sourceTree = "<group>"; };
		ACFCCFA126E0F53A00D9A7DF /* Base */ = {isa = PBXFileReference; lastKnownFileType = file.storyboard; name = Base; path = Base.lproj/WelcomeViewController.storyboard; sourceTree = "<group>"; };
		ACFCCFA326E0F53E00D9A7DF /* Assets.xcassets */ = {isa = PBXFileReference; lastKnownFileType = folder.assetcatalog; path = Assets.xcassets; sourceTree = "<group>"; };
		ACFCCFA626E0F53E00D9A7DF /* Base */ = {isa = PBXFileReference; lastKnownFileType = file.storyboard; name = Base; path = Base.lproj/LaunchScreen.storyboard; sourceTree = "<group>"; };
		ACFCCFA826E0F53E00D9A7DF /* Info.plist */ = {isa = PBXFileReference; lastKnownFileType = text.plist.xml; path = Info.plist; sourceTree = "<group>"; };
/* End PBXFileReference section */

/* Begin PBXFrameworksBuildPhase section */
		ACFCCF9426E0F53A00D9A7DF /* Frameworks */ = {
			isa = PBXFrameworksBuildPhase;
			buildActionMask = 2147483647;
			files = (
				4B7956437A65BEE2CBA46F43 /* Pods_RickandMorty.framework in Frameworks */,
			);
			runOnlyForDeploymentPostprocessing = 0;
		};
/* End PBXFrameworksBuildPhase section */

/* Begin PBXGroup section */
		49BD7D16454BE9A2816B0523 /* Pods */ = {
			isa = PBXGroup;
			children = (
				41B88B604DE07085F3ABD64B /* Pods-RickandMorty.debug.xcconfig */,
				2EDD57A02449A660CBA4A46C /* Pods-RickandMorty.release.xcconfig */,
			);
			path = Pods;
			sourceTree = "<group>";
		};
		4E74CE8AEB1E6A1719FACE0A /* Frameworks */ = {
			isa = PBXGroup;
			children = (
				7C9C5A74A8609D5F93C832E7 /* Pods_RickandMorty.framework */,
			);
			name = Frameworks;
			sourceTree = "<group>";
		};
		AC061E952714B738001819DF /* Resources */ = {
			isa = PBXGroup;
			children = (
				AC061E932714B55A001819DF /* About.json */,
				AC061EC3272129A4001819DF /* User.json */,
				ACFCCFA326E0F53E00D9A7DF /* Assets.xcassets */,
			);
			path = Resources;
			sourceTree = "<group>";
		};
		AC061E962715D20F001819DF /* Welcome */ = {
			isa = PBXGroup;
			children = (
				ACFCCF9E26E0F53A00D9A7DF /* WelcomeViewController.swift */,
				ACEC691926E5471300A0F25E /* DataViewController.swift */,
				ACEC691B26E54BB700A0F25E /* CustomPageViewController.swift */,
				ACFCCFA026E0F53A00D9A7DF /* WelcomeViewController.storyboard */,
			);
			path = Welcome;
			sourceTree = "<group>";
		};
		AC061E982715D24A001819DF /* Models */ = {
			isa = PBXGroup;
			children = (
				AC061E9B2715D3BD001819DF /* WelcomeScreenPageModel.swift */,
				AC061EB927207A3B001819DF /* UserModel.swift */,
			);
			path = Models;
			sourceTree = "<group>";
		};
		AC061E9D2715D859001819DF /* Entities */ = {
			isa = PBXGroup;
			children = (
				AC061E992715D380001819DF /* WelcomeScreenPage.swift */,
			);
			path = Entities;
			sourceTree = "<group>";
		};
		AC061E9E2715F290001819DF /* Extensions */ = {
			isa = PBXGroup;
			children = (
				AC061E9F2715F3DD001819DF /* UITextViewExtension.swift */,
				AC2A40142721C33B001268AD /* UITextFieldExtension.swift */,
			);
			path = Extensions;
			sourceTree = "<group>";
		};
		AC061EA4271B483E001819DF /* Enum */ = {
			isa = PBXGroup;
			children = (
				AC061EA5271B4873001819DF /* UserDefaultsKeys.swift */,
				ACC84195273048080028DA03 /* TabBarImageNameKeys.swift */,
				ACC84197273101CA0028DA03 /* AppColorKeys.swift */,
			);
			path = Enum;
			sourceTree = "<group>";
		};
		AC061EA9271F06B0001819DF /* BusinessLogic */ = {
			isa = PBXGroup;
			children = (
				AC061EB8271F2AC8001819DF /* Services */,
				AC061E982715D24A001819DF /* Models */,
				AC061E9D2715D859001819DF /* Entities */,
			);
			path = BusinessLogic;
			sourceTree = "<group>";
		};
		AC061EAA271F086E001819DF /* Common */ = {
			isa = PBXGroup;
			children = (
				AC061EA12718A135001819DF /* AppCoordinator.swift */,
				AC061EA7271B48D4001819DF /* RootViewController.swift */,
				AC061EAC271F08DC001819DF /* StoryboardCreatable.swift */,
			);
			path = Common;
			sourceTree = "<group>";
		};
		AC061EAB271F087E001819DF /* Modules */ = {
			isa = PBXGroup;
			children = (
				AC2A401A272B0E23001268AD /* TabBar */,
				AC061E962715D20F001819DF /* Welcome */,
				AC061EAF271F0BEB001819DF /* Auth */,
				AC061EAE271F0BDC001819DF /* Characters */,
				AC2A401D272B1567001268AD /* Locations */,
				AC2A402C272B1B62001268AD /* Favorites */,
				AC2A401E272B157D001268AD /* Statistics */,
				AC2A401F272B158D001268AD /* Episodes */,
			);
			path = Modules;
			sourceTree = "<group>";
		};
		AC061EAE271F0BDC001819DF /* Characters */ = {
			isa = PBXGroup;
			children = (
				AC061EB6271F0CE6001819DF /* CharactersViewController.swift */,
				AC061EB4271F0CCF001819DF /* CharactersViewController.storyboard */,
			);
			path = Characters;
			sourceTree = "<group>";
		};
		AC061EAF271F0BEB001819DF /* Auth */ = {
			isa = PBXGroup;
			children = (
				AC061EB0271F0C31001819DF /* AuthViewController.swift */,
				AC061EB2271F0CB0001819DF /* AuthViewController.storyboard */,
			);
			path = Auth;
			sourceTree = "<group>";
		};
		AC061EB8271F2AC8001819DF /* Services */ = {
			isa = PBXGroup;
			children = (
				AC061EBF2721282A001819DF /* AuthServiceProtocol.swift */,
				AC061EC1272128A4001819DF /* AuthService.swift */,
				AC061EBB27207AEE001819DF /* KeychainWrapperProtocol.swift */,
				AC061EBD27207B4E001819DF /* KeychainWrapper.swift */,
			);
			path = Services;
			sourceTree = "<group>";
		};
		AC2A401A272B0E23001268AD /* TabBar */ = {
			isa = PBXGroup;
			children = (
				ACC84199273112D10028DA03 /* CustomTabBar.swift */,
				AC2A4018272B0D0A001268AD /* CustomTabBarViewController.swift */,
				AC2A4016272B0CAB001268AD /* CustomTabBarViewController.storyboard */,
			);
			path = TabBar;
			sourceTree = "<group>";
		};
		AC2A401D272B1567001268AD /* Locations */ = {
			isa = PBXGroup;
			children = (
				AC2A4022272B16EC001268AD /* LocationsViewController.swift */,
				AC2A4020272B16A5001268AD /* LocationsViewController.storyboard */,
			);
			path = Locations;
			sourceTree = "<group>";
		};
		AC2A401E272B157D001268AD /* Statistics */ = {
			isa = PBXGroup;
			children = (
				AC2A4024272B1722001268AD /* StatisticsViewController.swift */,
				AC2A4026272B174A001268AD /* StatisticsViewController.storyboard */,
			);
			path = Statistics;
			sourceTree = "<group>";
		};
		AC2A401F272B158D001268AD /* Episodes */ = {
			isa = PBXGroup;
			children = (
				AC2A4028272B1764001268AD /* EpisodesViewController.swift */,
				AC2A402A272B1770001268AD /* EpisodesViewController.storyboard */,
			);
			path = Episodes;
			sourceTree = "<group>";
		};
		AC2A402C272B1B62001268AD /* Favorites */ = {
			isa = PBXGroup;
			children = (
				AC2A402D272B1BAA001268AD /* FavoritesViewController.swift */,
				AC2A402F272B1BC8001268AD /* FavoritesViewController.storyboard */,
			);
			path = Favorites;
			sourceTree = "<group>";
		};
		ACA4CA292710245B00F350EB /* UI */ = {
			isa = PBXGroup;
			children = (
				ACFCCFA526E0F53E00D9A7DF /* LaunchScreen.storyboard */,
			);
			path = UI;
			sourceTree = "<group>";
		};
		ACA4CA2A2710253800F350EB /* Presentation */ = {
			isa = PBXGroup;
			children = (
				AC061EAA271F086E001819DF /* Common */,
				AC061EAB271F087E001819DF /* Modules */,
			);
			path = Presentation;
			sourceTree = "<group>";
		};
		ACFCCF8E26E0F53A00D9A7DF = {
			isa = PBXGroup;
			children = (
				ACFCCF9926E0F53A00D9A7DF /* RickandMorty */,
				ACFCCF9826E0F53A00D9A7DF /* Products */,
				49BD7D16454BE9A2816B0523 /* Pods */,
				4E74CE8AEB1E6A1719FACE0A /* Frameworks */,
			);
			sourceTree = "<group>";
		};
		ACFCCF9826E0F53A00D9A7DF /* Products */ = {
			isa = PBXGroup;
			children = (
				ACFCCF9726E0F53A00D9A7DF /* RickandMorty.app */,
			);
			name = Products;
			sourceTree = "<group>";
		};
		ACFCCF9926E0F53A00D9A7DF /* RickandMorty */ = {
			isa = PBXGroup;
			children = (
				ACFCCF9A26E0F53A00D9A7DF /* AppDelegate.swift */,
				ACFCCF9C26E0F53A00D9A7DF /* SceneDelegate.swift */,
				ACA4CA2A2710253800F350EB /* Presentation */,
				AC061EA9271F06B0001819DF /* BusinessLogic */,
				ACA4CA292710245B00F350EB /* UI */,
				AC061E9E2715F290001819DF /* Extensions */,
				AC061EA4271B483E001819DF /* Enum */,
				AC061E952714B738001819DF /* Resources */,
				ACFCCFA826E0F53E00D9A7DF /* Info.plist */,
			);
			path = RickandMorty;
			sourceTree = "<group>";
		};
/* End PBXGroup section */

/* Begin PBXNativeTarget section */
		ACFCCF9626E0F53A00D9A7DF /* RickandMorty */ = {
			isa = PBXNativeTarget;
			buildConfigurationList = ACFCCFAB26E0F53E00D9A7DF /* Build configuration list for PBXNativeTarget "RickandMorty" */;
			buildPhases = (
				E2E4ACB44AA46D1BD146857E /* [CP] Check Pods Manifest.lock */,
				ACDCA05526E0FA1F0081C64D /* ShellScript */,
				ACFCCF9326E0F53A00D9A7DF /* Sources */,
				ACFCCF9426E0F53A00D9A7DF /* Frameworks */,
				ACFCCF9526E0F53A00D9A7DF /* Resources */,
			);
			buildRules = (
			);
			dependencies = (
			);
			name = RickandMorty;
			productName = RickandMorty;
			productReference = ACFCCF9726E0F53A00D9A7DF /* RickandMorty.app */;
			productType = "com.apple.product-type.application";
		};
/* End PBXNativeTarget section */

/* Begin PBXProject section */
		ACFCCF8F26E0F53A00D9A7DF /* Project object */ = {
			isa = PBXProject;
			attributes = {
				LastSwiftUpdateCheck = 1250;
				LastUpgradeCheck = 1250;
				TargetAttributes = {
					ACFCCF9626E0F53A00D9A7DF = {
						CreatedOnToolsVersion = 12.5.1;
					};
				};
			};
			buildConfigurationList = ACFCCF9226E0F53A00D9A7DF /* Build configuration list for PBXProject "RickandMorty" */;
			compatibilityVersion = "Xcode 9.3";
			developmentRegion = en;
			hasScannedForEncodings = 0;
			knownRegions = (
				en,
				Base,
			);
			mainGroup = ACFCCF8E26E0F53A00D9A7DF;
			productRefGroup = ACFCCF9826E0F53A00D9A7DF /* Products */;
			projectDirPath = "";
			projectRoot = "";
			targets = (
				ACFCCF9626E0F53A00D9A7DF /* RickandMorty */,
			);
		};
/* End PBXProject section */

/* Begin PBXResourcesBuildPhase section */
		ACFCCF9526E0F53A00D9A7DF /* Resources */ = {
			isa = PBXResourcesBuildPhase;
			buildActionMask = 2147483647;
			files = (
				ACFCCFA726E0F53E00D9A7DF /* LaunchScreen.storyboard in Resources */,
				AC2A4017272B0CAB001268AD /* CustomTabBarViewController.storyboard in Resources */,
				AC2A4027272B174A001268AD /* StatisticsViewController.storyboard in Resources */,
				AC2A402B272B1770001268AD /* EpisodesViewController.storyboard in Resources */,
				AC061E942714B55A001819DF /* About.json in Resources */,
				AC061EB3271F0CB0001819DF /* AuthViewController.storyboard in Resources */,
				ACFCCFA426E0F53E00D9A7DF /* Assets.xcassets in Resources */,
				AC061EC4272129A4001819DF /* User.json in Resources */,
				ACFCCFA226E0F53A00D9A7DF /* WelcomeViewController.storyboard in Resources */,
				AC061EB5271F0CCF001819DF /* CharactersViewController.storyboard in Resources */,
				AC2A4021272B16A5001268AD /* LocationsViewController.storyboard in Resources */,
				AC2A4030272B1BC8001268AD /* FavoritesViewController.storyboard in Resources */,
			);
			runOnlyForDeploymentPostprocessing = 0;
		};
/* End PBXResourcesBuildPhase section */

/* Begin PBXShellScriptBuildPhase section */
		ACDCA05526E0FA1F0081C64D /* ShellScript */ = {
			isa = PBXShellScriptBuildPhase;
			buildActionMask = 2147483647;
			files = (
			);
			inputFileListPaths = (
			);
			inputPaths = (
			);
			outputFileListPaths = (
			);
			outputPaths = (
			);
			runOnlyForDeploymentPostprocessing = 0;
			shellPath = /bin/sh;
			shellScript = "# Type a script or drag a script file from your workspace to insert its path.\nPATH=/opt/homebrew/bin:$PATH\nif [ -f com.raywenderlich.swiftlint.yml ]; then\n  if which \"${PODS_ROOT}/SwiftLint/swiftlint\" >/dev/null; then\n    ${PODS_ROOT}/SwiftLint/swiftlint --no-cache --config com.raywenderlich.swiftlint.yml\n  fi\nfi\n";
		};
		E2E4ACB44AA46D1BD146857E /* [CP] Check Pods Manifest.lock */ = {
			isa = PBXShellScriptBuildPhase;
			buildActionMask = 2147483647;
			files = (
			);
			inputFileListPaths = (
			);
			inputPaths = (
				"${PODS_PODFILE_DIR_PATH}/Podfile.lock",
				"${PODS_ROOT}/Manifest.lock",
			);
			name = "[CP] Check Pods Manifest.lock";
			outputFileListPaths = (
			);
			outputPaths = (
				"$(DERIVED_FILE_DIR)/Pods-RickandMorty-checkManifestLockResult.txt",
			);
			runOnlyForDeploymentPostprocessing = 0;
			shellPath = /bin/sh;
			shellScript = "diff \"${PODS_PODFILE_DIR_PATH}/Podfile.lock\" \"${PODS_ROOT}/Manifest.lock\" > /dev/null\nif [ $? != 0 ] ; then\n    # print error to STDERR\n    echo \"error: The sandbox is not in sync with the Podfile.lock. Run 'pod install' or update your CocoaPods installation.\" >&2\n    exit 1\nfi\n# This output is used by Xcode 'outputs' to avoid re-running this script phase.\necho \"SUCCESS\" > \"${SCRIPT_OUTPUT_FILE_0}\"\n";
			showEnvVarsInLog = 0;
		};
/* End PBXShellScriptBuildPhase section */

/* Begin PBXSourcesBuildPhase section */
		ACFCCF9326E0F53A00D9A7DF /* Sources */ = {
			isa = PBXSourcesBuildPhase;
			buildActionMask = 2147483647;
			files = (
				AC061EBA27207A3C001819DF /* UserModel.swift in Sources */,
				AC061EAD271F08DC001819DF /* StoryboardCreatable.swift in Sources */,
				AC061EA02715F3DD001819DF /* UITextViewExtension.swift in Sources */,
				AC061EB7271F0CE6001819DF /* CharactersViewController.swift in Sources */,
				ACEC691A26E5471300A0F25E /* DataViewController.swift in Sources */,
				AC061EB1271F0C31001819DF /* AuthViewController.swift in Sources */,
				ACC84198273101CA0028DA03 /* AppColorKeys.swift in Sources */,
				AC061EC2272128A4001819DF /* AuthService.swift in Sources */,
				AC061EA6271B4873001819DF /* UserDefaultsKeys.swift in Sources */,
				AC2A402E272B1BAA001268AD /* FavoritesViewController.swift in Sources */,
				AC061EC02721282A001819DF /* AuthServiceProtocol.swift in Sources */,
				AC061EBC27207AEE001819DF /* KeychainWrapperProtocol.swift in Sources */,
				AC061EBE27207B4E001819DF /* KeychainWrapper.swift in Sources */,
				AC2A4019272B0D0A001268AD /* CustomTabBarViewController.swift in Sources */,
				AC061EA8271B48D4001819DF /* RootViewController.swift in Sources */,
				AC061E9A2715D380001819DF /* WelcomeScreenPage.swift in Sources */,
				ACC8419A273112D10028DA03 /* CustomTabBar.swift in Sources */,
				AC2A4025272B1722001268AD /* StatisticsViewController.swift in Sources */,
				AC061E9C2715D3BD001819DF /* WelcomeScreenPageModel.swift in Sources */,
				AC2A4023272B16EC001268AD /* LocationsViewController.swift in Sources */,
				ACFCCF9F26E0F53A00D9A7DF /* WelcomeViewController.swift in Sources */,
				AC2A4029272B1764001268AD /* EpisodesViewController.swift in Sources */,
				ACC84196273048080028DA03 /* TabBarImageNameKeys.swift in Sources */,
				ACFCCF9B26E0F53A00D9A7DF /* AppDelegate.swift in Sources */,
				AC061EA22718A135001819DF /* AppCoordinator.swift in Sources */,
				AC2A40152721C33B001268AD /* UITextFieldExtension.swift in Sources */,
				ACEC691C26E54BB700A0F25E /* CustomPageViewController.swift in Sources */,
				ACFCCF9D26E0F53A00D9A7DF /* SceneDelegate.swift in Sources */,
			);
			runOnlyForDeploymentPostprocessing = 0;
		};
/* End PBXSourcesBuildPhase section */

/* Begin PBXVariantGroup section */
		ACFCCFA026E0F53A00D9A7DF /* WelcomeViewController.storyboard */ = {
			isa = PBXVariantGroup;
			children = (
				ACFCCFA126E0F53A00D9A7DF /* Base */,
			);
			name = WelcomeViewController.storyboard;
			sourceTree = "<group>";
		};
		ACFCCFA526E0F53E00D9A7DF /* LaunchScreen.storyboard */ = {
			isa = PBXVariantGroup;
			children = (
				ACFCCFA626E0F53E00D9A7DF /* Base */,
			);
			name = LaunchScreen.storyboard;
			sourceTree = "<group>";
		};
/* End PBXVariantGroup section */

/* Begin XCBuildConfiguration section */
		ACFCCFA926E0F53E00D9A7DF /* Debug */ = {
			isa = XCBuildConfiguration;
			buildSettings = {
				ALWAYS_SEARCH_USER_PATHS = NO;
				CLANG_ANALYZER_NONNULL = YES;
				CLANG_ANALYZER_NUMBER_OBJECT_CONVERSION = YES_AGGRESSIVE;
				CLANG_CXX_LANGUAGE_STANDARD = "gnu++14";
				CLANG_CXX_LIBRARY = "libc++";
				CLANG_ENABLE_MODULES = YES;
				CLANG_ENABLE_OBJC_ARC = YES;
				CLANG_ENABLE_OBJC_WEAK = YES;
				CLANG_WARN_BLOCK_CAPTURE_AUTORELEASING = YES;
				CLANG_WARN_BOOL_CONVERSION = YES;
				CLANG_WARN_COMMA = YES;
				CLANG_WARN_CONSTANT_CONVERSION = YES;
				CLANG_WARN_DEPRECATED_OBJC_IMPLEMENTATIONS = YES;
				CLANG_WARN_DIRECT_OBJC_ISA_USAGE = YES_ERROR;
				CLANG_WARN_DOCUMENTATION_COMMENTS = YES;
				CLANG_WARN_EMPTY_BODY = YES;
				CLANG_WARN_ENUM_CONVERSION = YES;
				CLANG_WARN_INFINITE_RECURSION = YES;
				CLANG_WARN_INT_CONVERSION = YES;
				CLANG_WARN_NON_LITERAL_NULL_CONVERSION = YES;
				CLANG_WARN_OBJC_IMPLICIT_RETAIN_SELF = YES;
				CLANG_WARN_OBJC_LITERAL_CONVERSION = YES;
				CLANG_WARN_OBJC_ROOT_CLASS = YES_ERROR;
				CLANG_WARN_QUOTED_INCLUDE_IN_FRAMEWORK_HEADER = YES;
				CLANG_WARN_RANGE_LOOP_ANALYSIS = YES;
				CLANG_WARN_STRICT_PROTOTYPES = YES;
				CLANG_WARN_SUSPICIOUS_MOVE = YES;
				CLANG_WARN_UNGUARDED_AVAILABILITY = YES_AGGRESSIVE;
				CLANG_WARN_UNREACHABLE_CODE = YES;
				CLANG_WARN__DUPLICATE_METHOD_MATCH = YES;
				COPY_PHASE_STRIP = NO;
				DEBUG_INFORMATION_FORMAT = dwarf;
				ENABLE_STRICT_OBJC_MSGSEND = YES;
				ENABLE_TESTABILITY = YES;
				GCC_C_LANGUAGE_STANDARD = gnu11;
				GCC_DYNAMIC_NO_PIC = NO;
				GCC_NO_COMMON_BLOCKS = YES;
				GCC_OPTIMIZATION_LEVEL = 0;
				GCC_PREPROCESSOR_DEFINITIONS = (
					"DEBUG=1",
					"$(inherited)",
				);
				GCC_WARN_64_TO_32_BIT_CONVERSION = YES;
				GCC_WARN_ABOUT_RETURN_TYPE = YES_ERROR;
				GCC_WARN_UNDECLARED_SELECTOR = YES;
				GCC_WARN_UNINITIALIZED_AUTOS = YES_AGGRESSIVE;
				GCC_WARN_UNUSED_FUNCTION = YES;
				GCC_WARN_UNUSED_VARIABLE = YES;
				IPHONEOS_DEPLOYMENT_TARGET = 14.5;
				MTL_ENABLE_DEBUG_INFO = INCLUDE_SOURCE;
				MTL_FAST_MATH = YES;
				ONLY_ACTIVE_ARCH = YES;
				SDKROOT = iphoneos;
				SWIFT_ACTIVE_COMPILATION_CONDITIONS = DEBUG;
				SWIFT_OPTIMIZATION_LEVEL = "-Onone";
			};
			name = Debug;
		};
		ACFCCFAA26E0F53E00D9A7DF /* Release */ = {
			isa = XCBuildConfiguration;
			buildSettings = {
				ALWAYS_SEARCH_USER_PATHS = NO;
				CLANG_ANALYZER_NONNULL = YES;
				CLANG_ANALYZER_NUMBER_OBJECT_CONVERSION = YES_AGGRESSIVE;
				CLANG_CXX_LANGUAGE_STANDARD = "gnu++14";
				CLANG_CXX_LIBRARY = "libc++";
				CLANG_ENABLE_MODULES = YES;
				CLANG_ENABLE_OBJC_ARC = YES;
				CLANG_ENABLE_OBJC_WEAK = YES;
				CLANG_WARN_BLOCK_CAPTURE_AUTORELEASING = YES;
				CLANG_WARN_BOOL_CONVERSION = YES;
				CLANG_WARN_COMMA = YES;
				CLANG_WARN_CONSTANT_CONVERSION = YES;
				CLANG_WARN_DEPRECATED_OBJC_IMPLEMENTATIONS = YES;
				CLANG_WARN_DIRECT_OBJC_ISA_USAGE = YES_ERROR;
				CLANG_WARN_DOCUMENTATION_COMMENTS = YES;
				CLANG_WARN_EMPTY_BODY = YES;
				CLANG_WARN_ENUM_CONVERSION = YES;
				CLANG_WARN_INFINITE_RECURSION = YES;
				CLANG_WARN_INT_CONVERSION = YES;
				CLANG_WARN_NON_LITERAL_NULL_CONVERSION = YES;
				CLANG_WARN_OBJC_IMPLICIT_RETAIN_SELF = YES;
				CLANG_WARN_OBJC_LITERAL_CONVERSION = YES;
				CLANG_WARN_OBJC_ROOT_CLASS = YES_ERROR;
				CLANG_WARN_QUOTED_INCLUDE_IN_FRAMEWORK_HEADER = YES;
				CLANG_WARN_RANGE_LOOP_ANALYSIS = YES;
				CLANG_WARN_STRICT_PROTOTYPES = YES;
				CLANG_WARN_SUSPICIOUS_MOVE = YES;
				CLANG_WARN_UNGUARDED_AVAILABILITY = YES_AGGRESSIVE;
				CLANG_WARN_UNREACHABLE_CODE = YES;
				CLANG_WARN__DUPLICATE_METHOD_MATCH = YES;
				COPY_PHASE_STRIP = NO;
				DEBUG_INFORMATION_FORMAT = "dwarf-with-dsym";
				ENABLE_NS_ASSERTIONS = NO;
				ENABLE_STRICT_OBJC_MSGSEND = YES;
				GCC_C_LANGUAGE_STANDARD = gnu11;
				GCC_NO_COMMON_BLOCKS = YES;
				GCC_WARN_64_TO_32_BIT_CONVERSION = YES;
				GCC_WARN_ABOUT_RETURN_TYPE = YES_ERROR;
				GCC_WARN_UNDECLARED_SELECTOR = YES;
				GCC_WARN_UNINITIALIZED_AUTOS = YES_AGGRESSIVE;
				GCC_WARN_UNUSED_FUNCTION = YES;
				GCC_WARN_UNUSED_VARIABLE = YES;
				IPHONEOS_DEPLOYMENT_TARGET = 14.5;
				MTL_ENABLE_DEBUG_INFO = NO;
				MTL_FAST_MATH = YES;
				SDKROOT = iphoneos;
				SWIFT_COMPILATION_MODE = wholemodule;
				SWIFT_OPTIMIZATION_LEVEL = "-O";
				VALIDATE_PRODUCT = YES;
			};
			name = Release;
		};
		ACFCCFAC26E0F53E00D9A7DF /* Debug */ = {
			isa = XCBuildConfiguration;
			baseConfigurationReference = 41B88B604DE07085F3ABD64B /* Pods-RickandMorty.debug.xcconfig */;
			buildSettings = {
				ASSETCATALOG_COMPILER_APPICON_NAME = AppIcon;
				ASSETCATALOG_COMPILER_GLOBAL_ACCENT_COLOR_NAME = AccentColor;
				CODE_SIGN_STYLE = Automatic;
				DEVELOPMENT_TEAM = 7GQ344696R;
				INFOPLIST_FILE = RickandMorty/Info.plist;
				IPHONEOS_DEPLOYMENT_TARGET = 15.0;
				LD_RUNPATH_SEARCH_PATHS = (
					"$(inherited)",
					"@executable_path/Frameworks",
				);
				PRODUCT_BUNDLE_IDENTIFIER = Artem.RickandMorty;
				PRODUCT_NAME = "$(TARGET_NAME)";
				SWIFT_VERSION = 5.0;
				TARGETED_DEVICE_FAMILY = 1;
			};
			name = Debug;
		};
		ACFCCFAD26E0F53E00D9A7DF /* Release */ = {
			isa = XCBuildConfiguration;
			baseConfigurationReference = 2EDD57A02449A660CBA4A46C /* Pods-RickandMorty.release.xcconfig */;
			buildSettings = {
				ASSETCATALOG_COMPILER_APPICON_NAME = AppIcon;
				ASSETCATALOG_COMPILER_GLOBAL_ACCENT_COLOR_NAME = AccentColor;
				CODE_SIGN_STYLE = Automatic;
				DEVELOPMENT_TEAM = 7GQ344696R;
				INFOPLIST_FILE = RickandMorty/Info.plist;
				IPHONEOS_DEPLOYMENT_TARGET = 15.0;
				LD_RUNPATH_SEARCH_PATHS = (
					"$(inherited)",
					"@executable_path/Frameworks",
				);
				PRODUCT_BUNDLE_IDENTIFIER = Artem.RickandMorty;
				PRODUCT_NAME = "$(TARGET_NAME)";
				SWIFT_VERSION = 5.0;
				TARGETED_DEVICE_FAMILY = 1;
			};
			name = Release;
		};
/* End XCBuildConfiguration section */

/* Begin XCConfigurationList section */
		ACFCCF9226E0F53A00D9A7DF /* Build configuration list for PBXProject "RickandMorty" */ = {
			isa = XCConfigurationList;
			buildConfigurations = (
				ACFCCFA926E0F53E00D9A7DF /* Debug */,
				ACFCCFAA26E0F53E00D9A7DF /* Release */,
			);
			defaultConfigurationIsVisible = 0;
			defaultConfigurationName = Release;
		};
		ACFCCFAB26E0F53E00D9A7DF /* Build configuration list for PBXNativeTarget "RickandMorty" */ = {
			isa = XCConfigurationList;
			buildConfigurations = (
				ACFCCFAC26E0F53E00D9A7DF /* Debug */,
				ACFCCFAD26E0F53E00D9A7DF /* Release */,
			);
			defaultConfigurationIsVisible = 0;
			defaultConfigurationName = Release;
		};
/* End XCConfigurationList section */
	};
	rootObject = ACFCCF8F26E0F53A00D9A7DF /* Project object */;
}
